
Microsoft Visual Studio Solution File, Format Version 12.00
# Visual Studio Version 17
VisualStudioVersion = 17.5.33424.131
MinimumVisualStudioVersion = 10.0.40219.1
Project("{FAE04EC0-301F-11D3-BF4B-00C04F79EFBC}") = "UserRegistrationTestCases", "UserRegistrationTestCases\UserRegistrationTestCases.csproj", "{46C0F0C0-6F7C-450A-9EFD-E89CB72F82EA}"
EndProject
Project("{9A19103F-16F7-4668-BE54-9A1E7A4F7556}") = "UserRegistrationProblem", "..\UserRegistrationProblem\UserRegistrationProblem\UserRegistrationProblem.csproj", "{422F179C-EBAF-4A83-B54E-6AFEA9F0FE38}"
EndProject
Global
	GlobalSection(SolutionConfigurationPlatforms) = preSolution
		Debug|Any CPU = Debug|Any CPU
		Release|Any CPU = Release|Any CPU
	EndGlobalSection
	GlobalSection(ProjectConfigurationPlatforms) = postSolution
		{46C0F0C0-6F7C-450A-9EFD-E89CB72F82EA}.Debug|Any CPU.ActiveCfg = Debug|Any CPU
		{46C0F0C0-6F7C-450A-9EFD-E89CB72F82EA}.Debug|Any CPU.Build.0 = Debug|Any CPU
		{46C0F0C0-6F7C-450A-9EFD-E89CB72F82EA}.Release|Any CPU.ActiveCfg = Release|Any CPU
		{46C0F0C0-6F7C-450A-9EFD-E89CB72F82EA}.Release|Any CPU.Build.0 = Release|Any CPU
		{422F179C-EBAF-4A83-B54E-6AFEA9F0FE38}.Debug|Any CPU.ActiveCfg = Debug|Any CPU
		{422F179C-EBAF-4A83-B54E-6AFEA9F0FE38}.Debug|Any CPU.Build.0 = Debug|Any CPU
		{422F179C-EBAF-4A83-B54E-6AFEA9F0FE38}.Release|Any CPU.ActiveCfg = Release|Any CPU
		{422F179C-EBAF-4A83-B54E-6AFEA9F0FE38}.Release|Any CPU.Build.0 = Release|Any CPU
	EndGlobalSection
	GlobalSection(SolutionProperties) = preSolution
		HideSolutionNode = FALSE
	EndGlobalSection
	GlobalSection(ExtensibilityGlobals) = postSolution
		SolutionGuid = {F6CEA05D-BBFF-4973-A701-CEEF70E2857B}
	EndGlobalSection
EndGlobal
